
Microsoft Visual Studio Solution File, Format Version 12.00
# Visual Studio Version 17
VisualStudioVersion = 17.8.34525.116
MinimumVisualStudioVersion = 10.0.40219.1
Project("{FAE04EC0-301F-11D3-BF4B-00C04F79EFBC}") = "Exam15", "Exam15\Exam15.csproj", "{AE46CA98-3EBF-40E4-BB43-830ECD790415}"
EndProject
Global
	GlobalSection(SolutionConfigurationPlatforms) = preSolution
		Debug|Any CPU = Debug|Any CPU
		Release|Any CPU = Release|Any CPU
	EndGlobalSection
	GlobalSection(ProjectConfigurationPlatforms) = postSolution
		{AE46CA98-3EBF-40E4-BB43-830ECD790415}.Debug|Any CPU.ActiveCfg = Debug|Any CPU
		{AE46CA98-3EBF-40E4-BB43-830ECD790415}.Debug|Any CPU.Build.0 = Debug|Any CPU
		{AE46CA98-3EBF-40E4-BB43-830ECD790415}.Release|Any CPU.ActiveCfg = Release|Any CPU
		{AE46CA98-3EBF-40E4-BB43-830ECD790415}.Release|Any CPU.Build.0 = Release|Any CPU
	EndGlobalSection
	GlobalSection(SolutionProperties) = preSolution
		HideSolutionNode = FALSE
	EndGlobalSection
	GlobalSection(ExtensibilityGlobals) = postSolution
		SolutionGuid = {8135D86B-353F-47C4-9055-8CBB27D98390}
	EndGlobalSection
EndGlobal
